// !$*UTF8*$!
{
	archiveVersion = 1;
	classes = {
	};
	objectVersion = 77;
	objects = {

/* Begin PBXContainerItemProxy section */
		43AAC3BD2D7AABA800E84646 /* PBXContainerItemProxy */ = {
			isa = PBXContainerItemProxy;
			containerPortal = 43AAC3A42D7AABA600E84646 /* Project object */;
			proxyType = 1;
			remoteGlobalIDString = 43AAC3AB2D7AABA600E84646;
			remoteInfo = Agrismart;
		};
		43AAC3C72D7AABA800E84646 /* PBXContainerItemProxy */ = {
			isa = PBXContainerItemProxy;
			containerPortal = 43AAC3A42D7AABA600E84646 /* Project object */;
			proxyType = 1;
			remoteGlobalIDString = 43AAC3AB2D7AABA600E84646;
			remoteInfo = Agrismart;
		};
/* End PBXContainerItemProxy section */

/* Begin PBXFileReference section */
		43AAC3AC2D7AABA600E84646 /* Agrismart.app */ = {isa = PBXFileReference; explicitFileType = wrapper.application; includeInIndex = 0; path = Agrismart.app; sourceTree = BUILT_PRODUCTS_DIR; };
		43AAC3BC2D7AABA800E84646 /* AgrismartTests.xctest */ = {isa = PBXFileReference; explicitFileType = wrapper.cfbundle; includeInIndex = 0; path = AgrismartTests.xctest; sourceTree = BUILT_PRODUCTS_DIR; };
		43AAC3C62D7AABA800E84646 /* AgrismartUITests.xctest */ = {isa = PBXFileReference; explicitFileType = wrapper.cfbundle; includeInIndex = 0; path = AgrismartUITests.xctest; sourceTree = BUILT_PRODUCTS_DIR; };
/* End PBXFileReference section */

/* Begin PBXFileSystemSynchronizedRootGroup section */
		43AAC3AE2D7AABA600E84646 /* Agrismart */ = {
			isa = PBXFileSystemSynchronizedRootGroup;
			path = Agrismart;
			sourceTree = "<group>";
		};
		43AAC3BF2D7AABA800E84646 /* AgrismartTests */ = {
			isa = PBXFileSystemSynchronizedRootGroup;
			path = AgrismartTests;
			sourceTree = "<group>";
		};
		43AAC3C92D7AABA800E84646 /* AgrismartUITests */ = {
			isa = PBXFileSystemSynchronizedRootGroup;
			path = AgrismartUITests;
			sourceTree = "<group>";
		};
/* End PBXFileSystemSynchronizedRootGroup section */

/* Begin PBXFrameworksBuildPhase section */
		43AAC3A92D7AABA600E84646 /* Frameworks */ = {
			isa = PBXFrameworksBuildPhase;
			buildActionMask = 2147483647;
			files = (
			);
			runOnlyForDeploymentPostprocessing = 0;
		};
		43AAC3B92D7AABA800E84646 /* Frameworks */ = {
			isa = PBXFrameworksBuildPhase;
			buildActionMask = 2147483647;
			files = (
			);
			runOnlyForDeploymentPostprocessing = 0;
		};
		43AAC3C32D7AABA800E84646 /* Frameworks */ = {
			isa = PBXFrameworksBuildPhase;
			buildActionMask = 2147483647;
			files = (
			);
			runOnlyForDeploymentPostprocessing = 0;
		};
/* End PBXFrameworksBuildPhase section */

/* Begin PBXGroup section */
		43AAC3A32D7AABA600E84646 = {
			isa = PBXGroup;
			children = (
				43AAC3AE2D7AABA600E84646 /* Agrismart */,
				43AAC3BF2D7AABA800E84646 /* AgrismartTests */,
				43AAC3C92D7AABA800E84646 /* AgrismartUITests */,
				43AAC3AD2D7AABA600E84646 /* Products */,
			);
			sourceTree = "<group>";
		};
		43AAC3AD2D7AABA600E84646 /* Products */ = {
			isa = PBXGroup;
			children = (
				43AAC3AC2D7AABA600E84646 /* Agrismart.app */,
				43AAC3BC2D7AABA800E84646 /* AgrismartTests.xctest */,
				43AAC3C62D7AABA800E84646 /* AgrismartUITests.xctest */,
			);
			name = Products;
			sourceTree = "<group>";
		};
/* End PBXGroup section */

/* Begin PBXNativeTarget section */
		43AAC3AB2D7AABA600E84646 /* Agrismart */ = {
			isa = PBXNativeTarget;
			buildConfigurationList = 43AAC3D02D7AABA800E84646 /* Build configuration list for PBXNativeTarget "Agrismart" */;
			buildPhases = (
				43AAC3A82D7AABA600E84646 /* Sources */,
				43AAC3A92D7AABA600E84646 /* Frameworks */,
				43AAC3AA2D7AABA600E84646 /* Resources */,
			);
			buildRules = (
			);
			dependencies = (
			);
			fileSystemSynchronizedGroups = (
				43AAC3AE2D7AABA600E84646 /* Agrismart */,
			);
			name = Agrismart;
			packageProductDependencies = (
			);
			productName = Agrismart;
			productReference = 43AAC3AC2D7AABA600E84646 /* Agrismart.app */;
			productType = "com.apple.product-type.application";
		};
		43AAC3BB2D7AABA800E84646 /* AgrismartTests */ = {
			isa = PBXNativeTarget;
			buildConfigurationList = 43AAC3D32D7AABA800E84646 /* Build configuration list for PBXNativeTarget "AgrismartTests" */;
			buildPhases = (
				43AAC3B82D7AABA800E84646 /* Sources */,
				43AAC3B92D7AABA800E84646 /* Frameworks */,
				43AAC3BA2D7AABA800E84646 /* Resources */,
			);
			buildRules = (
			);
			dependencies = (
				43AAC3BE2D7AABA800E84646 /* PBXTargetDependency */,
			);
			fileSystemSynchronizedGroups = (
				43AAC3BF2D7AABA800E84646 /* AgrismartTests */,
			);
			name = AgrismartTests;
			packageProductDependencies = (
			);
			productName = AgrismartTests;
			productReference = 43AAC3BC2D7AABA800E84646 /* AgrismartTests.xctest */;
			productType = "com.apple.product-type.bundle.unit-test";
		};
		43AAC3C52D7AABA800E84646 /* AgrismartUITests */ = {
			isa = PBXNativeTarget;
			buildConfigurationList = 43AAC3D62D7AABA800E84646 /* Build configuration list for PBXNativeTarget "AgrismartUITests" */;
			buildPhases = (
				43AAC3C22D7AABA800E84646 /* Sources */,
				43AAC3C32D7AABA800E84646 /* Frameworks */,
				43AAC3C42D7AABA800E84646 /* Resources */,
			);
			buildRules = (
			);
			dependencies = (
				43AAC3C82D7AABA800E84646 /* PBXTargetDependency */,
			);
			fileSystemSynchronizedGroups = (
				43AAC3C92D7AABA800E84646 /* AgrismartUITests */,
			);
			name = AgrismartUITests;
			packageProductDependencies = (
			);
			productName = AgrismartUITests;
			productReference = 43AAC3C62D7AABA800E84646 /* AgrismartUITests.xctest */;
			productType = "com.apple.product-type.bundle.ui-testing";
		};
/* End PBXNativeTarget section */

/* Begin PBXProject section */
		43AAC3A42D7AABA600E84646 /* Project object */ = {
			isa = PBXProject;
			attributes = {
				BuildIndependentTargetsInParallel = 1;
				LastSwiftUpdateCheck = 1620;
				LastUpgradeCheck = 1620;
				TargetAttributes = {
					43AAC3AB2D7AABA600E84646 = {
						CreatedOnToolsVersion = 16.2;
					};
					43AAC3BB2D7AABA800E84646 = {
						CreatedOnToolsVersion = 16.2;
						TestTargetID = 43AAC3AB2D7AABA600E84646;
					};
					43AAC3C52D7AABA800E84646 = {
						CreatedOnToolsVersion = 16.2;
						TestTargetID = 43AAC3AB2D7AABA600E84646;
					};
				};
			};
			buildConfigurationList = 43AAC3A72D7AABA600E84646 /* Build configuration list for PBXProject "Agrismart" */;
			developmentRegion = en;
			hasScannedForEncodings = 0;
			knownRegions = (
				en,
				Base,
			);
			mainGroup = 43AAC3A32D7AABA600E84646;
			minimizedProjectReferenceProxies = 1;
			preferredProjectObjectVersion = 77;
			productRefGroup = 43AAC3AD2D7AABA600E84646 /* Products */;
			projectDirPath = "";
			projectRoot = "";
			targets = (
				43AAC3AB2D7AABA600E84646 /* Agrismart */,
				43AAC3BB2D7AABA800E84646 /* AgrismartTests */,
				43AAC3C52D7AABA800E84646 /* AgrismartUITests */,
			);
		};
/* End PBXProject section */

/* Begin PBXResourcesBuildPhase section */
		43AAC3AA2D7AABA600E84646 /* Resources */ = {
			isa = PBXResourcesBuildPhase;
			buildActionMask = 2147483647;
			files = (
			);
			runOnlyForDeploymentPostprocessing = 0;
		};
		43AAC3BA2D7AABA800E84646 /* Resources */ = {
			isa = PBXResourcesBuildPhase;
			buildActionMask = 2147483647;
			files = (
			);
			runOnlyForDeploymentPostprocessing = 0;
		};
		43AAC3C42D7AABA800E84646 /* Resources */ = {
			isa = PBXResourcesBuildPhase;
			buildActionMask = 2147483647;
			files = (
			);
			runOnlyForDeploymentPostprocessing = 0;
		};
/* End PBXResourcesBuildPhase section */

/* Begin PBXSourcesBuildPhase section */
		43AAC3A82D7AABA600E84646 /* Sources */ = {
			isa = PBXSourcesBuildPhase;
			buildActionMask = 2147483647;
			files = (
			);
			runOnlyForDeploymentPostprocessing = 0;
		};
		43AAC3B82D7AABA800E84646 /* Sources */ = {
			isa = PBXSourcesBuildPhase;
			buildActionMask = 2147483647;
			files = (
			);
			runOnlyForDeploymentPostprocessing = 0;
		};
		43AAC3C22D7AABA800E84646 /* Sources */ = {
			isa = PBXSourcesBuildPhase;
			buildActionMask = 2147483647;
			files = (
			);
			runOnlyForDeploymentPostprocessing = 0;
		};
/* End PBXSourcesBuildPhase section */

/* Begin PBXTargetDependency section */
		43AAC3BE2D7AABA800E84646 /* PBXTargetDependency */ = {
			isa = PBXTargetDependency;
			target = 43AAC3AB2D7AABA600E84646 /* Agrismart */;
			targetProxy = 43AAC3BD2D7AABA800E84646 /* PBXContainerItemProxy */;
		};
		43AAC3C82D7AABA800E84646 /* PBXTargetDependency */ = {
			isa = PBXTargetDependency;
			target = 43AAC3AB2D7AABA600E84646 /* Agrismart */;
			targetProxy = 43AAC3C72D7AABA800E84646 /* PBXContainerItemProxy */;
		};
/* End PBXTargetDependency section */

/* Begin XCBuildConfiguration section */
		43AAC3CE2D7AABA800E84646 /* Debug */ = {
			isa = XCBuildConfiguration;
			buildSettings = {
				ALWAYS_SEARCH_USER_PATHS = NO;
				ASSETCATALOG_COMPILER_GENERATE_SWIFT_ASSET_SYMBOL_EXTENSIONS = YES;
				CLANG_ANALYZER_NONNULL = YES;
				CLANG_ANALYZER_NUMBER_OBJECT_CONVERSION = YES_AGGRESSIVE;
				CLANG_CXX_LANGUAGE_STANDARD = "gnu++20";
				CLANG_ENABLE_MODULES = YES;
				CLANG_ENABLE_OBJC_ARC = YES;
				CLANG_ENABLE_OBJC_WEAK = YES;
				CLANG_WARN_BLOCK_CAPTURE_AUTORELEASING = YES;
				CLANG_WARN_BOOL_CONVERSION = YES;
				CLANG_WARN_COMMA = YES;
				CLANG_WARN_CONSTANT_CONVERSION = YES;
				CLANG_WARN_DEPRECATED_OBJC_IMPLEMENTATIONS = YES;
				CLANG_WARN_DIRECT_OBJC_ISA_USAGE = YES_ERROR;
				CLANG_WARN_DOCUMENTATION_COMMENTS = YES;
				CLANG_WARN_EMPTY_BODY = YES;
				CLANG_WARN_ENUM_CONVERSION = YES;
				CLANG_WARN_INFINITE_RECURSION = YES;
				CLANG_WARN_INT_CONVERSION = YES;
				CLANG_WARN_NON_LITERAL_NULL_CONVERSION = YES;
				CLANG_WARN_OBJC_IMPLICIT_RETAIN_SELF = YES;
				CLANG_WARN_OBJC_LITERAL_CONVERSION = YES;
				CLANG_WARN_OBJC_ROOT_CLASS = YES_ERROR;
				CLANG_WARN_QUOTED_INCLUDE_IN_FRAMEWORK_HEADER = YES;
				CLANG_WARN_RANGE_LOOP_ANALYSIS = YES;
				CLANG_WARN_STRICT_PROTOTYPES = YES;
				CLANG_WARN_SUSPICIOUS_MOVE = YES;
				CLANG_WARN_UNGUARDED_AVAILABILITY = YES_AGGRESSIVE;
				CLANG_WARN_UNREACHABLE_CODE = YES;
				CLANG_WARN__DUPLICATE_METHOD_MATCH = YES;
				COPY_PHASE_STRIP = NO;
				DEBUG_INFORMATION_FORMAT = dwarf;
				ENABLE_STRICT_OBJC_MSGSEND = YES;
				ENABLE_TESTABILITY = YES;
				ENABLE_USER_SCRIPT_SANDBOXING = YES;
				GCC_C_LANGUAGE_STANDARD = gnu17;
				GCC_DYNAMIC_NO_PIC = NO;
				GCC_NO_COMMON_BLOCKS = YES;
				GCC_OPTIMIZATION_LEVEL = 0;
				GCC_PREPROCESSOR_DEFINITIONS = (
					"DEBUG=1",
					"$(inherited)",
				);
				GCC_WARN_64_TO_32_BIT_CONVERSION = YES;
				GCC_WARN_ABOUT_RETURN_TYPE = YES_ERROR;
				GCC_WARN_UNDECLARED_SELECTOR = YES;
				GCC_WARN_UNINITIALIZED_AUTOS = YES_AGGRESSIVE;
				GCC_WARN_UNUSED_FUNCTION = YES;
				GCC_WARN_UNUSED_VARIABLE = YES;
				IPHONEOS_DEPLOYMENT_TARGET = 18.2;
				LOCALIZATION_PREFERS_STRING_CATALOGS = YES;
				MTL_ENABLE_DEBUG_INFO = INCLUDE_SOURCE;
				MTL_FAST_MATH = YES;
				ONLY_ACTIVE_ARCH = YES;
				SDKROOT = iphoneos;
				SWIFT_ACTIVE_COMPILATION_CONDITIONS = "DEBUG $(inherited)";
				SWIFT_OPTIMIZATION_LEVEL = "-Onone";
			};
			name = Debug;
		};
		43AAC3CF2D7AABA800E84646 /* Release */ = {
			isa = XCBuildConfiguration;
			buildSettings = {
				ALWAYS_SEARCH_USER_PATHS = NO;
				ASSETCATALOG_COMPILER_GENERATE_SWIFT_ASSET_SYMBOL_EXTENSIONS = YES;
				CLANG_ANALYZER_NONNULL = YES;
				CLANG_ANALYZER_NUMBER_OBJECT_CONVERSION = YES_AGGRESSIVE;
				CLANG_CXX_LANGUAGE_STANDARD = "gnu++20";
				CLANG_ENABLE_MODULES = YES;
				CLANG_ENABLE_OBJC_ARC = YES;
				CLANG_ENABLE_OBJC_WEAK = YES;
				CLANG_WARN_BLOCK_CAPTURE_AUTORELEASING = YES;
				CLANG_WARN_BOOL_CONVERSION = YES;
				CLANG_WARN_COMMA = YES;
				CLANG_WARN_CONSTANT_CONVERSION = YES;
				CLANG_WARN_DEPRECATED_OBJC_IMPLEMENTATIONS = YES;
				CLANG_WARN_DIRECT_OBJC_ISA_USAGE = YES_ERROR;
				CLANG_WARN_DOCUMENTATION_COMMENTS = YES;
				CLANG_WARN_EMPTY_BODY = YES;
				CLANG_WARN_ENUM_CONVERSION = YES;
				CLANG_WARN_INFINITE_RECURSION = YES;
				CLANG_WARN_INT_CONVERSION = YES;
				CLANG_WARN_NON_LITERAL_NULL_CONVERSION = YES;
				CLANG_WARN_OBJC_IMPLICIT_RETAIN_SELF = YES;
				CLANG_WARN_OBJC_LITERAL_CONVERSION = YES;
				CLANG_WARN_OBJC_ROOT_CLASS = YES_ERROR;
				CLANG_WARN_QUOTED_INCLUDE_IN_FRAMEWORK_HEADER = YES;
				CLANG_WARN_RANGE_LOOP_ANALYSIS = YES;
				CLANG_WARN_STRICT_PROTOTYPES = YES;
				CLANG_WARN_SUSPICIOUS_MOVE = YES;
				CLANG_WARN_UNGUARDED_AVAILABILITY = YES_AGGRESSIVE;
				CLANG_WARN_UNREACHABLE_CODE = YES;
				CLANG_WARN__DUPLICATE_METHOD_MATCH = YES;
				COPY_PHASE_STRIP = NO;
				DEBUG_INFORMATION_FORMAT = "dwarf-with-dsym";
				ENABLE_NS_ASSERTIONS = NO;
				ENABLE_STRICT_OBJC_MSGSEND = YES;
				ENABLE_USER_SCRIPT_SANDBOXING = YES;
				GCC_C_LANGUAGE_STANDARD = gnu17;
				GCC_NO_COMMON_BLOCKS = YES;
				GCC_WARN_64_TO_32_BIT_CONVERSION = YES;
				GCC_WARN_ABOUT_RETURN_TYPE = YES_ERROR;
				GCC_WARN_UNDECLARED_SELECTOR = YES;
				GCC_WARN_UNINITIALIZED_AUTOS = YES_AGGRESSIVE;
				GCC_WARN_UNUSED_FUNCTION = YES;
				GCC_WARN_UNUSED_VARIABLE = YES;
				IPHONEOS_DEPLOYMENT_TARGET = 18.2;
				LOCALIZATION_PREFERS_STRING_CATALOGS = YES;
				MTL_ENABLE_DEBUG_INFO = NO;
				MTL_FAST_MATH = YES;
				SDKROOT = iphoneos;
				SWIFT_COMPILATION_MODE = wholemodule;
				VALIDATE_PRODUCT = YES;
			};
			name = Release;
		};
		43AAC3D12D7AABA800E84646 /* Debug */ = {
			isa = XCBuildConfiguration;
			buildSettings = {
				ASSETCATALOG_COMPILER_APPICON_NAME = AppIcon;
				ASSETCATALOG_COMPILER_GLOBAL_ACCENT_COLOR_NAME = AccentColor;
				CODE_SIGN_STYLE = Automatic;
				CURRENT_PROJECT_VERSION = 1;
				DEVELOPMENT_ASSET_PATHS = "\"Agrismart/Preview Content\"";
				DEVELOPMENT_TEAM = MKPVJ7T45N;
				ENABLE_PREVIEWS = YES;
				GENERATE_INFOPLIST_FILE = YES;
				INFOPLIST_KEY_UIApplicationSceneManifest_Generation = YES;
				INFOPLIST_KEY_UIApplicationSupportsIndirectInputEvents = YES;
				INFOPLIST_KEY_UILaunchScreen_Generation = YES;
				INFOPLIST_KEY_UISupportedInterfaceOrientations_iPad = "UIInterfaceOrientationPortrait UIInterfaceOrientationPortraitUpsideDown UIInterfaceOrientationLandscapeLeft UIInterfaceOrientationLandscapeRight";
				INFOPLIST_KEY_UISupportedInterfaceOrientations_iPhone = "UIInterfaceOrientationPortrait UIInterfaceOrientationLandscapeLeft UIInterfaceOrientationLandscapeRight";
				LD_RUNPATH_SEARCH_PATHS = (
					"$(inherited)",
					"@executable_path/Frameworks",
				);
				MARKETING_VERSION = 1.0;
				PRODUCT_BUNDLE_IDENTIFIER = com.example.Agrismart;
				PRODUCT_NAME = "$(TARGET_NAME)";
				SWIFT_EMIT_LOC_STRINGS = YES;
				SWIFT_VERSION = 5.0;
				TARGETED_DEVICE_FAMILY = "1,2";
			};
			name = Debug;
		};
		43AAC3D22D7AABA800E84646 /* Release */ = {
			isa = XCBuildConfiguration;
			buildSettings = {
				ASSETCATALOG_COMPILER_APPICON_NAME = AppIcon;
				ASSETCATALOG_COMPILER_GLOBAL_ACCENT_COLOR_NAME = AccentColor;
				CODE_SIGN_STYLE = Automatic;
				CURRENT_PROJECT_VERSION = 1;
				DEVELOPMENT_ASSET_PATHS = "\"Agrismart/Preview Content\"";
				DEVELOPMENT_TEAM = MKPVJ7T45N;
				ENABLE_PREVIEWS = YES;
				GENERATE_INFOPLIST_FILE = YES;
				INFOPLIST_KEY_UIApplicationSceneManifest_Generation = YES;
				INFOPLIST_KEY_UIApplicationSupportsIndirectInputEvents = YES;
				INFOPLIST_KEY_UILaunchScreen_Generation = YES;
				INFOPLIST_KEY_UISupportedInterfaceOrientations_iPad = "UIInterfaceOrientationPortrait UIInterfaceOrientationPortraitUpsideDown UIInterfaceOrientationLandscapeLeft UIInterfaceOrientationLandscapeRight";
				INFOPLIST_KEY_UISupportedInterfaceOrientations_iPhone = "UIInterfaceOrientationPortrait UIInterfaceOrientationLandscapeLeft UIInterfaceOrientationLandscapeRight";
				LD_RUNPATH_SEARCH_PATHS = (
					"$(inherited)",
					"@executable_path/Frameworks",
				);
				MARKETING_VERSION = 1.0;
				PRODUCT_BUNDLE_IDENTIFIER = com.example.Agrismart;
				PRODUCT_NAME = "$(TARGET_NAME)";
				SWIFT_EMIT_LOC_STRINGS = YES;
				SWIFT_VERSION = 5.0;
				TARGETED_DEVICE_FAMILY = "1,2";
			};
			name = Release;
		};
		43AAC3D42D7AABA800E84646 /* Debug */ = {
			isa = XCBuildConfiguration;
			buildSettings = {
				BUNDLE_LOADER = "$(TEST_HOST)";
				CODE_SIGN_STYLE = Automatic;
				CURRENT_PROJECT_VERSION = 1;
				DEVELOPMENT_TEAM = MKPVJ7T45N;
				GENERATE_INFOPLIST_FILE = YES;
				IPHONEOS_DEPLOYMENT_TARGET = 18.2;
				MARKETING_VERSION = 1.0;
				PRODUCT_BUNDLE_IDENTIFIER = com.example.AgrismartTests;
				PRODUCT_NAME = "$(TARGET_NAME)";
				SWIFT_EMIT_LOC_STRINGS = NO;
				SWIFT_VERSION = 5.0;
				TARGETED_DEVICE_FAMILY = "1,2";
				TEST_HOST = "$(BUILT_PRODUCTS_DIR)/Agrismart.app/$(BUNDLE_EXECUTABLE_FOLDER_PATH)/Agrismart";
			};
			name = Debug;
		};
		43AAC3D52D7AABA800E84646 /* Release */ = {
			isa = XCBuildConfiguration;
			buildSettings = {
				BUNDLE_LOADER = "$(TEST_HOST)";
				CODE_SIGN_STYLE = Automatic;
				CURRENT_PROJECT_VERSION = 1;
				DEVELOPMENT_TEAM = MKPVJ7T45N;
				GENERATE_INFOPLIST_FILE = YES;
				IPHONEOS_DEPLOYMENT_TARGET = 18.2;
				MARKETING_VERSION = 1.0;
				PRODUCT_BUNDLE_IDENTIFIER = com.example.AgrismartTests;
				PRODUCT_NAME = "$(TARGET_NAME)";
				SWIFT_EMIT_LOC_STRINGS = NO;
				SWIFT_VERSION = 5.0;
				TARGETED_DEVICE_FAMILY = "1,2";
				TEST_HOST = "$(BUILT_PRODUCTS_DIR)/Agrismart.app/$(BUNDLE_EXECUTABLE_FOLDER_PATH)/Agrismart";
			};
			name = Release;
		};
		43AAC3D72D7AABA800E84646 /* Debug */ = {
			isa = XCBuildConfiguration;
			buildSettings = {
				CODE_SIGN_STYLE = Automatic;
				CURRENT_PROJECT_VERSION = 1;
				DEVELOPMENT_TEAM = MKPVJ7T45N;
				GENERATE_INFOPLIST_FILE = YES;
				MARKETING_VERSION = 1.0;
				PRODUCT_BUNDLE_IDENTIFIER = com.example.AgrismartUITests;
				PRODUCT_NAME = "$(TARGET_NAME)";
				SWIFT_EMIT_LOC_STRINGS = NO;
				SWIFT_VERSION = 5.0;
				TARGETED_DEVICE_FAMILY = "1,2";
				TEST_TARGET_NAME = Agrismart;
			};
			name = Debug;
		};
		43AAC3D82D7AABA800E84646 /* Release */ = {
			isa = XCBuildConfiguration;
			buildSettings = {
				CODE_SIGN_STYLE = Automatic;
				CURRENT_PROJECT_VERSION = 1;
				DEVELOPMENT_TEAM = MKPVJ7T45N;
				GENERATE_INFOPLIST_FILE = YES;
				MARKETING_VERSION = 1.0;
				PRODUCT_BUNDLE_IDENTIFIER = com.example.AgrismartUITests;
				PRODUCT_NAME = "$(TARGET_NAME)";
				SWIFT_EMIT_LOC_STRINGS = NO;
				SWIFT_VERSION = 5.0;
				TARGETED_DEVICE_FAMILY = "1,2";
				TEST_TARGET_NAME = Agrismart;
			};
			name = Release;
		};
/* End XCBuildConfiguration section */

/* Begin XCConfigurationList section */
		43AAC3A72D7AABA600E84646 /* Build configuration list for PBXProject "Agrismart" */ = {
			isa = XCConfigurationList;
			buildConfigurations = (
				43AAC3CE2D7AABA800E84646 /* Debug */,
				43AAC3CF2D7AABA800E84646 /* Release */,
			);
			defaultConfigurationIsVisible = 0;
			defaultConfigurationName = Release;
		};
		43AAC3D02D7AABA800E84646 /* Build configuration list for PBXNativeTarget "Agrismart" */ = {
			isa = XCConfigurationList;
			buildConfigurations = (
				43AAC3D12D7AABA800E84646 /* Debug */,
				43AAC3D22D7AABA800E84646 /* Release */,
			);
			defaultConfigurationIsVisible = 0;
			defaultConfigurationName = Release;
		};
		43AAC3D32D7AABA800E84646 /* Build configuration list for PBXNativeTarget "AgrismartTests" */ = {
			isa = XCConfigurationList;
			buildConfigurations = (
				43AAC3D42D7AABA800E84646 /* Debug */,
				43AAC3D52D7AABA800E84646 /* Release */,
			);
			defaultConfigurationIsVisible = 0;
			defaultConfigurationName = Release;
		};
		43AAC3D62D7AABA800E84646 /* Build configuration list for PBXNativeTarget "AgrismartUITests" */ = {
			isa = XCConfigurationList;
			buildConfigurations = (
				43AAC3D72D7AABA800E84646 /* Debug */,
				43AAC3D82D7AABA800E84646 /* Release */,
			);
			defaultConfigurationIsVisible = 0;
			defaultConfigurationName = Release;
		};
/* End XCConfigurationList section */
	};
	rootObject = 43AAC3A42D7AABA600E84646 /* Project object */;
}
